Microsoft Visual Studio Solution File, Format Version 12.00
# Visual Studio 15
VisualStudioVersion = 15.0.27703.2018
MinimumVisualStudioVersion = 10.0.40219.1
Project("{FAE04EC0-301F-11D3-BF4B-00C04F79EFBC}") = "StyleExamples.iOS", "iOS\StyleExamples.iOS.csproj", "{94127DA3-9FC5-480E-97A4-77DBA7008A64}"
EndProject
Project("{FAE04EC0-301F-11D3-BF4B-00C04F79EFBC}") = "StyleExamples.Droid", "Droid\StyleExamples.Droid.csproj", "{DD6BD5DF-0DA0-41CE-B0DF-449A46CC0359}"
EndProject
Project("{9A19103F-16F7-4668-BE54-9A1E7A4F7556}") = "StyleExamples", "StyleExamples\StyleExamples.csproj", "{2E340CBC-DF6A-4359-A30F-756412740ABE}"
EndProject
Global
	GlobalSection(SolutionConfigurationPlatforms) = preSolution
		Debug|Any CPU = Debug|Any CPU
		Debug|iPhone = Debug|iPhone
		Debug|iPhoneSimulator = Debug|iPhoneSimulator
		Release|Any CPU = Release|Any CPU
		Release|iPhone = Release|iPhone
		Release|iPhoneSimulator = Release|iPhoneSimulator
	EndGlobalSection
	GlobalSection(ProjectConfigurationPlatforms) = postSolution
		{94127DA3-9FC5-480E-97A4-77DBA7008A64}.Debug|Any CPU.ActiveCfg = Debug|iPhoneSimulator
		{94127DA3-9FC5-480E-97A4-77DBA7008A64}.Debug|Any CPU.Build.0 = Debug|iPhoneSimulator
		{94127DA3-9FC5-480E-97A4-77DBA7008A64}.Debug|iPhone.ActiveCfg = Debug|iPhone
		{94127DA3-9FC5-480E-97A4-77DBA7008A64}.Debug|iPhone.Build.0 = Debug|iPhone
		{94127DA3-9FC5-480E-97A4-77DBA7008A64}.Debug|iPhoneSimulator.ActiveCfg = Debug|iPhoneSimulator
		{94127DA3-9FC5-480E-97A4-77DBA7008A64}.Debug|iPhoneSimulator.Build.0 = Debug|iPhoneSimulator
		{94127DA3-9FC5-480E-97A4-77DBA7008A64}.Release|Any CPU.ActiveCfg = Release|iPhone
		{94127DA3-9FC5-480E-97A4-77DBA7008A64}.Release|Any CPU.Build.0 = Release|iPhone
		{94127DA3-9FC5-480E-97A4-77DBA7008A64}.Release|iPhone.ActiveCfg = Release|iPhone
		{94127DA3-9FC5-480E-97A4-77DBA7008A64}.Release|iPhone.Build.0 = Release|iPhone
		{94127DA3-9FC5-480E-97A4-77DBA7008A64}.Release|iPhoneSimulator.ActiveCfg = Release|iPhoneSimulator
		{94127DA3-9FC5-480E-97A4-77DBA7008A64}.Release|iPhoneSimulator.Build.0 = Release|iPhoneSimulator
		{DD6BD5DF-0DA0-41CE-B0DF-449A46CC0359}.Debug|Any CPU.ActiveCfg = Debug|Any CPU
		{DD6BD5DF-0DA0-41CE-B0DF-449A46CC0359}.Debug|Any CPU.Build.0 = Debug|Any CPU
		{DD6BD5DF-0DA0-41CE-B0DF-449A46CC0359}.Debug|Any CPU.Deploy.0 = Debug|Any CPU
		{DD6BD5DF-0DA0-41CE-B0DF-449A46CC0359}.Debug|iPhone.ActiveCfg = Debug|Any CPU
		{DD6BD5DF-0DA0-41CE-B0DF-449A46CC0359}.Debug|iPhone.Build.0 = Debug|Any CPU
		{DD6BD5DF-0DA0-41CE-B0DF-449A46CC0359}.Debug|iPhoneSimulator.ActiveCfg = Debug|Any CPU
		{DD6BD5DF-0DA0-41CE-B0DF-449A46CC0359}.Debug|iPhoneSimulator.Build.0 = Debug|Any CPU
		{DD6BD5DF-0DA0-41CE-B0DF-449A46CC0359}.Release|Any CPU.ActiveCfg = Release|Any CPU
		{DD6BD5DF-0DA0-41CE-B0DF-449A46CC0359}.Release|Any CPU.Build.0 = Release|Any CPU
		{DD6BD5DF-0DA0-41CE-B0DF-449A46CC0359}.Release|iPhone.ActiveCfg = Release|Any CPU
		{DD6BD5DF-0DA0-41CE-B0DF-449A46CC0359}.Release|iPhone.Build.0 = Release|Any CPU
		{DD6BD5DF-0DA0-41CE-B0DF-449A46CC0359}.Release|iPhoneSimulator.ActiveCfg = Release|Any CPU
		{DD6BD5DF-0DA0-41CE-B0DF-449A46CC0359}.Release|iPhoneSimulator.Build.0 = Release|Any CPU
		{2E340CBC-DF6A-4359-A30F-756412740ABE}.Debug|Any CPU.ActiveCfg = Debug|Any CPU
		{2E340CBC-DF6A-4359-A30F-756412740ABE}.Debug|Any CPU.Build.0 = Debug|Any CPU
		{2E340CBC-DF6A-4359-A30F-756412740ABE}.Debug|iPhone.ActiveCfg = Debug|Any CPU
		{2E340CBC-DF6A-4359-A30F-756412740ABE}.Debug|iPhone.Build.0 = Debug|Any CPU
		{2E340CBC-DF6A-4359-A30F-756412740ABE}.Debug|iPhoneSimulator.ActiveCfg = Debug|Any CPU
		{2E340CBC-DF6A-4359-A30F-756412740ABE}.Debug|iPhoneSimulator.Build.0 = Debug|Any CPU
		{2E340CBC-DF6A-4359-A30F-756412740ABE}.Release|Any CPU.ActiveCfg = Release|Any CPU
		{2E340CBC-DF6A-4359-A30F-756412740ABE}.Release|Any CPU.Build.0 = Release|Any CPU
		{2E340CBC-DF6A-4359-A30F-756412740ABE}.Release|iPhone.ActiveCfg = Release|Any CPU
		{2E340CBC-DF6A-4359-A30F-756412740ABE}.Release|iPhone.Build.0 = Release|Any CPU
		{2E340CBC-DF6A-4359-A30F-756412740ABE}.Release|iPhoneSimulator.ActiveCfg = Release|Any CPU
		{2E340CBC-DF6A-4359-A30F-756412740ABE}.Release|iPhoneSimulator.Build.0 = Release|Any CPU
	EndGlobalSection
	GlobalSection(SolutionProperties) = preSolution
		HideSolutionNode = FALSE
	EndGlobalSection
	GlobalSection(ExtensibilityGlobals) = postSolution
		SolutionGuid = {7F0E5D54-6407-42FD-83B6-818EABE55F18}
	EndGlobalSection
EndGlobal
