
Microsoft Visual Studio Solution File, Format Version 12.00
# Visual Studio 15
VisualStudioVersion = 15.0.27703.2018
MinimumVisualStudioVersion = 10.0.40219.1
Project("{D954291E-2A0B-460D-934E-DC6B0785DB48}") = "SQLiteNETSharedProject", "SQLiteNETSharedProject\SQLiteNETSharedProject.shproj", "{BD08F420-B81E-46BD-A404-AE1AA88CA12F}"
EndProject
Project("{FAE04EC0-301F-11D3-BF4B-00C04F79EFBC}") = "SQLiteNETSharedProject.Droid", "Droid\SQLiteNETSharedProject.Droid.csproj", "{68987AB2-8378-431A-A568-53A58E523375}"
EndProject
Project("{FAE04EC0-301F-11D3-BF4B-00C04F79EFBC}") = "SQLiteNETSharedProject.iOS", "iOS\SQLiteNETSharedProject.iOS.csproj", "{2A991FA3-7705-45A4-BD8B-1E339EA89193}"
EndProject
Global
	GlobalSection(SharedMSBuildProjectFiles) = preSolution
		SQLiteNETSharedProject\SQLiteNETSharedProject.projitems*{2a991fa3-7705-45a4-bd8b-1e339ea89193}*SharedItemsImports = 4
		SQLiteNETSharedProject\SQLiteNETSharedProject.projitems*{68987ab2-8378-431a-a568-53a58e523375}*SharedItemsImports = 4
		SQLiteNETSharedProject\SQLiteNETSharedProject.projitems*{bd08f420-b81e-46bd-a404-ae1aa88ca12f}*SharedItemsImports = 13
	EndGlobalSection
	GlobalSection(SolutionConfigurationPlatforms) = preSolution
		Debug|Any CPU = Debug|Any CPU
		Debug|iPhone = Debug|iPhone
		Debug|iPhoneSimulator = Debug|iPhoneSimulator
		Release|Any CPU = Release|Any CPU
		Release|iPhone = Release|iPhone
		Release|iPhoneSimulator = Release|iPhoneSimulator
	EndGlobalSection
	GlobalSection(ProjectConfigurationPlatforms) = postSolution
		{68987AB2-8378-431A-A568-53A58E523375}.Debug|Any CPU.ActiveCfg = Debug|Any CPU
		{68987AB2-8378-431A-A568-53A58E523375}.Debug|Any CPU.Build.0 = Debug|Any CPU
		{68987AB2-8378-431A-A568-53A58E523375}.Debug|iPhone.ActiveCfg = Debug|Any CPU
		{68987AB2-8378-431A-A568-53A58E523375}.Debug|iPhone.Build.0 = Debug|Any CPU
		{68987AB2-8378-431A-A568-53A58E523375}.Debug|iPhoneSimulator.ActiveCfg = Debug|Any CPU
		{68987AB2-8378-431A-A568-53A58E523375}.Debug|iPhoneSimulator.Build.0 = Debug|Any CPU
		{68987AB2-8378-431A-A568-53A58E523375}.Release|Any CPU.ActiveCfg = Release|Any CPU
		{68987AB2-8378-431A-A568-53A58E523375}.Release|Any CPU.Build.0 = Release|Any CPU
		{68987AB2-8378-431A-A568-53A58E523375}.Release|iPhone.ActiveCfg = Release|Any CPU
		{68987AB2-8378-431A-A568-53A58E523375}.Release|iPhone.Build.0 = Release|Any CPU
		{68987AB2-8378-431A-A568-53A58E523375}.Release|iPhoneSimulator.ActiveCfg = Release|Any CPU
		{68987AB2-8378-431A-A568-53A58E523375}.Release|iPhoneSimulator.Build.0 = Release|Any CPU
		{2A991FA3-7705-45A4-BD8B-1E339EA89193}.Debug|Any CPU.ActiveCfg = Debug|iPhoneSimulator
		{2A991FA3-7705-45A4-BD8B-1E339EA89193}.Debug|Any CPU.Build.0 = Debug|iPhoneSimulator
		{2A991FA3-7705-45A4-BD8B-1E339EA89193}.Debug|iPhone.ActiveCfg = Debug|iPhone
		{2A991FA3-7705-45A4-BD8B-1E339EA89193}.Debug|iPhone.Build.0 = Debug|iPhone
		{2A991FA3-7705-45A4-BD8B-1E339EA89193}.Debug|iPhoneSimulator.ActiveCfg = Debug|iPhoneSimulator
		{2A991FA3-7705-45A4-BD8B-1E339EA89193}.Debug|iPhoneSimulator.Build.0 = Debug|iPhoneSimulator
		{2A991FA3-7705-45A4-BD8B-1E339EA89193}.Release|Any CPU.ActiveCfg = Release|iPhone
		{2A991FA3-7705-45A4-BD8B-1E339EA89193}.Release|Any CPU.Build.0 = Release|iPhone
		{2A991FA3-7705-45A4-BD8B-1E339EA89193}.Release|iPhone.ActiveCfg = Release|iPhone
		{2A991FA3-7705-45A4-BD8B-1E339EA89193}.Release|iPhone.Build.0 = Release|iPhone
		{2A991FA3-7705-45A4-BD8B-1E339EA89193}.Release|iPhoneSimulator.ActiveCfg = Release|iPhoneSimulator
		{2A991FA3-7705-45A4-BD8B-1E339EA89193}.Release|iPhoneSimulator.Build.0 = Release|iPhoneSimulator
	EndGlobalSection
	GlobalSection(SolutionProperties) = preSolution
		HideSolutionNode = FALSE
	EndGlobalSection
	GlobalSection(ExtensibilityGlobals) = postSolution
		SolutionGuid = {AF546B55-FD80-42E4-B198-0C73F3E83B71}
	EndGlobalSection
EndGlobal
