Microsoft Visual Studio Solution File, Format Version 12.00
# Visual Studio 15
VisualStudioVersion = 15.0.27703.2018
MinimumVisualStudioVersion = 10.0.40219.1
Project("{FAE04EC0-301F-11D3-BF4B-00C04F79EFBC}") = "NativeViewsExample.iOS", "iOS\NativeViewsExample.iOS.csproj", "{69F8AF98-F3EF-4125-A084-0793BBA03BC3}"
EndProject
Project("{FAE04EC0-301F-11D3-BF4B-00C04F79EFBC}") = "NativeViewsExample.Droid", "Droid\NativeViewsExample.Droid.csproj", "{064ABBD9-6510-4871-9115-F7D5FCB7D71D}"
EndProject
Project("{9A19103F-16F7-4668-BE54-9A1E7A4F7556}") = "NativeViewsExample", "NativeViewsExample\NativeViewsExample.csproj", "{5D33BCAC-8C30-42CE-B7CB-AAD8D406A38A}"
EndProject
Global
	GlobalSection(SolutionConfigurationPlatforms) = preSolution
		Debug|Any CPU = Debug|Any CPU
		Debug|iPhone = Debug|iPhone
		Debug|iPhoneSimulator = Debug|iPhoneSimulator
		Release|Any CPU = Release|Any CPU
		Release|iPhone = Release|iPhone
		Release|iPhoneSimulator = Release|iPhoneSimulator
	EndGlobalSection
	GlobalSection(ProjectConfigurationPlatforms) = postSolution
		{69F8AF98-F3EF-4125-A084-0793BBA03BC3}.Debug|Any CPU.ActiveCfg = Debug|iPhoneSimulator
		{69F8AF98-F3EF-4125-A084-0793BBA03BC3}.Debug|Any CPU.Build.0 = Debug|iPhoneSimulator
		{69F8AF98-F3EF-4125-A084-0793BBA03BC3}.Debug|iPhone.ActiveCfg = Debug|iPhone
		{69F8AF98-F3EF-4125-A084-0793BBA03BC3}.Debug|iPhone.Build.0 = Debug|iPhone
		{69F8AF98-F3EF-4125-A084-0793BBA03BC3}.Debug|iPhoneSimulator.ActiveCfg = Debug|iPhoneSimulator
		{69F8AF98-F3EF-4125-A084-0793BBA03BC3}.Debug|iPhoneSimulator.Build.0 = Debug|iPhoneSimulator
		{69F8AF98-F3EF-4125-A084-0793BBA03BC3}.Release|Any CPU.ActiveCfg = Release|iPhone
		{69F8AF98-F3EF-4125-A084-0793BBA03BC3}.Release|Any CPU.Build.0 = Release|iPhone
		{69F8AF98-F3EF-4125-A084-0793BBA03BC3}.Release|iPhone.ActiveCfg = Release|iPhone
		{69F8AF98-F3EF-4125-A084-0793BBA03BC3}.Release|iPhone.Build.0 = Release|iPhone
		{69F8AF98-F3EF-4125-A084-0793BBA03BC3}.Release|iPhoneSimulator.ActiveCfg = Release|iPhoneSimulator
		{69F8AF98-F3EF-4125-A084-0793BBA03BC3}.Release|iPhoneSimulator.Build.0 = Release|iPhoneSimulator
		{064ABBD9-6510-4871-9115-F7D5FCB7D71D}.Debug|Any CPU.ActiveCfg = Debug|Any CPU
		{064ABBD9-6510-4871-9115-F7D5FCB7D71D}.Debug|Any CPU.Build.0 = Debug|Any CPU
		{064ABBD9-6510-4871-9115-F7D5FCB7D71D}.Debug|Any CPU.Deploy.0 = Debug|Any CPU
		{064ABBD9-6510-4871-9115-F7D5FCB7D71D}.Debug|iPhone.ActiveCfg = Debug|Any CPU
		{064ABBD9-6510-4871-9115-F7D5FCB7D71D}.Debug|iPhone.Build.0 = Debug|Any CPU
		{064ABBD9-6510-4871-9115-F7D5FCB7D71D}.Debug|iPhoneSimulator.ActiveCfg = Debug|Any CPU
		{064ABBD9-6510-4871-9115-F7D5FCB7D71D}.Debug|iPhoneSimulator.Build.0 = Debug|Any CPU
		{064ABBD9-6510-4871-9115-F7D5FCB7D71D}.Release|Any CPU.ActiveCfg = Release|Any CPU
		{064ABBD9-6510-4871-9115-F7D5FCB7D71D}.Release|Any CPU.Build.0 = Release|Any CPU
		{064ABBD9-6510-4871-9115-F7D5FCB7D71D}.Release|iPhone.ActiveCfg = Release|Any CPU
		{064ABBD9-6510-4871-9115-F7D5FCB7D71D}.Release|iPhone.Build.0 = Release|Any CPU
		{064ABBD9-6510-4871-9115-F7D5FCB7D71D}.Release|iPhoneSimulator.ActiveCfg = Release|Any CPU
		{064ABBD9-6510-4871-9115-F7D5FCB7D71D}.Release|iPhoneSimulator.Build.0 = Release|Any CPU
		{5D33BCAC-8C30-42CE-B7CB-AAD8D406A38A}.Debug|Any CPU.ActiveCfg = Debug|Any CPU
		{5D33BCAC-8C30-42CE-B7CB-AAD8D406A38A}.Debug|Any CPU.Build.0 = Debug|Any CPU
		{5D33BCAC-8C30-42CE-B7CB-AAD8D406A38A}.Debug|iPhone.ActiveCfg = Debug|Any CPU
		{5D33BCAC-8C30-42CE-B7CB-AAD8D406A38A}.Debug|iPhone.Build.0 = Debug|Any CPU
		{5D33BCAC-8C30-42CE-B7CB-AAD8D406A38A}.Debug|iPhoneSimulator.ActiveCfg = Debug|Any CPU
		{5D33BCAC-8C30-42CE-B7CB-AAD8D406A38A}.Debug|iPhoneSimulator.Build.0 = Debug|Any CPU
		{5D33BCAC-8C30-42CE-B7CB-AAD8D406A38A}.Release|Any CPU.ActiveCfg = Release|Any CPU
		{5D33BCAC-8C30-42CE-B7CB-AAD8D406A38A}.Release|Any CPU.Build.0 = Release|Any CPU
		{5D33BCAC-8C30-42CE-B7CB-AAD8D406A38A}.Release|iPhone.ActiveCfg = Release|Any CPU
		{5D33BCAC-8C30-42CE-B7CB-AAD8D406A38A}.Release|iPhone.Build.0 = Release|Any CPU
		{5D33BCAC-8C30-42CE-B7CB-AAD8D406A38A}.Release|iPhoneSimulator.ActiveCfg = Release|Any CPU
		{5D33BCAC-8C30-42CE-B7CB-AAD8D406A38A}.Release|iPhoneSimulator.Build.0 = Release|Any CPU
	EndGlobalSection
	GlobalSection(SolutionProperties) = preSolution
		HideSolutionNode = FALSE
	EndGlobalSection
	GlobalSection(ExtensibilityGlobals) = postSolution
		SolutionGuid = {4CB93CBA-5D83-400F-8343-9AF05EDA72EB}
	EndGlobalSection
EndGlobal
